<Solution>
  <Project Path="src\HelpLine.HelpBuilder\HelpLine.HelpBuilder.csproj" />
  <Project Path="src\HelpLine.Docs\HelpLine.Docs.csproj" />
  <Project Path="src\HelpLine.HelpBuilder.Tests\HelpLine.HelpBuilder.Tests.csproj" />
  <Project Path="src\HelpLine.Docs.Tests\HelpLine.Docs.Tests.csproj" />
</Solution>
